
Microsoft Visual Studio Solution File, Format Version 12.00
# Visual Studio 15
VisualStudioVersion = 15.0.28010.2048
MinimumVisualStudioVersion = 10.0.40219.1
Project("{E24C65DC-7377-472B-9ABA-BC803B73C61A}") = "distriboyaca", "distriboyaca\", "{1935EEFE-7BEF-4C11-952D-2893CE6517C0}"
	ProjectSection(WebsiteProperties) = preProject
		TargetFrameworkMoniker = ".NETFramework,Version%3Dv4.6.1"
		Debug.AspNetCompiler.VirtualPath = "/localhost_57056"
		Debug.AspNetCompiler.PhysicalPath = "distriboyaca\"
		Debug.AspNetCompiler.TargetPath = "PrecompiledWeb\localhost_57056\"
		Debug.AspNetCompiler.Updateable = "true"
		Debug.AspNetCompiler.ForceOverwrite = "true"
		Debug.AspNetCompiler.FixedNames = "false"
		Debug.AspNetCompiler.Debug = "True"
		Release.AspNetCompiler.VirtualPath = "/localhost_57056"
		Release.AspNetCompiler.PhysicalPath = "distriboyaca\"
		Release.AspNetCompiler.TargetPath = "PrecompiledWeb\localhost_57056\"
		Release.AspNetCompiler.Updateable = "true"
		Release.AspNetCompiler.ForceOverwrite = "true"
		Release.AspNetCompiler.FixedNames = "false"
		Release.AspNetCompiler.Debug = "False"
		VWDPort = "57056"
		SlnRelativePath = "distriboyaca\"
		DefaultWebSiteLanguage = "Visual C#"
	EndProjectSection
EndProject
Global
	GlobalSection(SolutionConfigurationPlatforms) = preSolution
		Debug|Any CPU = Debug|Any CPU
	EndGlobalSection
	GlobalSection(ProjectConfigurationPlatforms) = postSolution
		{1935EEFE-7BEF-4C11-952D-2893CE6517C0}.Debug|Any CPU.ActiveCfg = Debug|Any CPU
		{1935EEFE-7BEF-4C11-952D-2893CE6517C0}.Debug|Any CPU.Build.0 = Debug|Any CPU
	EndGlobalSection
	GlobalSection(SolutionProperties) = preSolution
		HideSolutionNode = FALSE
	EndGlobalSection
	GlobalSection(ExtensibilityGlobals) = postSolution
		SolutionGuid = {FA2DE02E-C997-4C63-85C1-3C02B8762A38}
	EndGlobalSection
EndGlobal
